
Microsoft Visual Studio Solution File, Format Version 12.00
# Visual Studio Version 16
VisualStudioVersion = 16.0.30011.22
MinimumVisualStudioVersion = 10.0.40219.1
Project("{FAE04EC0-301F-11D3-BF4B-00C04F79EFBC}") = "AlinaApp", "AlinaApp\AlinaApp.csproj", "{BB068186-6655-4C93-B1C9-CFFF332016F9}"
EndProject
Global
	GlobalSection(SolutionConfigurationPlatforms) = preSolution
		Debug|Any CPU = Debug|Any CPU
		Release|Any CPU = Release|Any CPU
	EndGlobalSection
	GlobalSection(ProjectConfigurationPlatforms) = postSolution
		{BB068186-6655-4C93-B1C9-CFFF332016F9}.Debug|Any CPU.ActiveCfg = Debug|Any CPU
		{BB068186-6655-4C93-B1C9-CFFF332016F9}.Debug|Any CPU.Build.0 = Debug|Any CPU
		{BB068186-6655-4C93-B1C9-CFFF332016F9}.Release|Any CPU.ActiveCfg = Release|Any CPU
		{BB068186-6655-4C93-B1C9-CFFF332016F9}.Release|Any CPU.Build.0 = Release|Any CPU
	EndGlobalSection
	GlobalSection(SolutionProperties) = preSolution
		HideSolutionNode = FALSE
	EndGlobalSection
	GlobalSection(ExtensibilityGlobals) = postSolution
		SolutionGuid = {4FEC09A4-5550-4D98-9DC9-A9A2C471375E}
	EndGlobalSection
EndGlobal
